
Microsoft Visual Studio Solution File, Format Version 12.00
# Visual Studio Version 17
VisualStudioVersion = 17.1.32328.378
MinimumVisualStudioVersion = 10.0.40219.1
Project("{9A19103F-16F7-4668-BE54-9A1E7A4F7556}") = "MelonJS", "MelonJS\MelonJS.csproj", "{ECACA7B4-EDCF-4325-9F3B-D5F4DDAB6AF4}"
EndProject
Project("{2150E333-8FDC-42A3-9474-1A3956D46DE8}") = "Console", "Console", "{09FE1C0B-C7F7-4951-9256-F4B8AF7C7A18}"
EndProject
Project("{2150E333-8FDC-42A3-9474-1A3956D46DE8}") = "Core", "Core", "{69B6AC33-D81C-47B3-A3C2-0C06AA75D47D}"
EndProject
Project("{9A19103F-16F7-4668-BE54-9A1E7A4F7556}") = "MelonJs.JavaScript", "MelonJs.JavaScript\MelonJs.JavaScript.csproj", "{9197A455-E38D-44F8-9077-BD8B1555EBC2}"
EndProject
Project("{9A19103F-16F7-4668-BE54-9A1E7A4F7556}") = "MelonJs.Models", "MelonJs.Models\MelonJs.Models.csproj", "{235AC530-7D8B-428B-AAA4-60E8BB749173}"
EndProject
Project("{9A19103F-16F7-4668-BE54-9A1E7A4F7556}") = "MelonJs.WebApps", "MelonJs.WebApps\MelonJs.WebApps.csproj", "{2A68FF72-5869-492D-9990-262689F23BF7}"
EndProject
Project("{9A19103F-16F7-4668-BE54-9A1E7A4F7556}") = "MelonJs.Static", "MelonJs.Static\MelonJs.Static.csproj", "{E38234BC-4E49-44FD-B2A4-6AF5323D1E18}"
EndProject
Project("{9A19103F-16F7-4668-BE54-9A1E7A4F7556}") = "MelonJs.Data", "MelonJs.Data\MelonJs.Data.csproj", "{24AAC8A1-1344-4D18-8E7E-617DB9D8644C}"
EndProject
Project("{2150E333-8FDC-42A3-9474-1A3956D46DE8}") = "Package", "Package", "{66F7535B-CC00-457A-A822-3837A5BF9023}"
	ProjectSection(SolutionItems) = preProject
		commands\melon.js = commands\melon.js
		package.json = package.json
	EndProjectSection
EndProject
Project("{2150E333-8FDC-42A3-9474-1A3956D46DE8}") = "Types", "Types", "{6B63762F-76BA-4787-93E5-E8D865E72F17}"
	ProjectSection(SolutionItems) = preProject
		..\melon-types\package.json = ..\melon-types\package.json
	EndProjectSection
EndProject
Global
	GlobalSection(SolutionConfigurationPlatforms) = preSolution
		Debug|Any CPU = Debug|Any CPU
		Release|Any CPU = Release|Any CPU
	EndGlobalSection
	GlobalSection(ProjectConfigurationPlatforms) = postSolution
		{ECACA7B4-EDCF-4325-9F3B-D5F4DDAB6AF4}.Debug|Any CPU.ActiveCfg = Debug|Any CPU
		{ECACA7B4-EDCF-4325-9F3B-D5F4DDAB6AF4}.Debug|Any CPU.Build.0 = Debug|Any CPU
		{ECACA7B4-EDCF-4325-9F3B-D5F4DDAB6AF4}.Release|Any CPU.ActiveCfg = Release|Any CPU
		{ECACA7B4-EDCF-4325-9F3B-D5F4DDAB6AF4}.Release|Any CPU.Build.0 = Release|Any CPU
		{9197A455-E38D-44F8-9077-BD8B1555EBC2}.Debug|Any CPU.ActiveCfg = Debug|Any CPU
		{9197A455-E38D-44F8-9077-BD8B1555EBC2}.Debug|Any CPU.Build.0 = Debug|Any CPU
		{9197A455-E38D-44F8-9077-BD8B1555EBC2}.Release|Any CPU.ActiveCfg = Release|Any CPU
		{9197A455-E38D-44F8-9077-BD8B1555EBC2}.Release|Any CPU.Build.0 = Release|Any CPU
		{235AC530-7D8B-428B-AAA4-60E8BB749173}.Debug|Any CPU.ActiveCfg = Debug|Any CPU
		{235AC530-7D8B-428B-AAA4-60E8BB749173}.Debug|Any CPU.Build.0 = Debug|Any CPU
		{235AC530-7D8B-428B-AAA4-60E8BB749173}.Release|Any CPU.ActiveCfg = Release|Any CPU
		{235AC530-7D8B-428B-AAA4-60E8BB749173}.Release|Any CPU.Build.0 = Release|Any CPU
		{2A68FF72-5869-492D-9990-262689F23BF7}.Debug|Any CPU.ActiveCfg = Debug|Any CPU
		{2A68FF72-5869-492D-9990-262689F23BF7}.Debug|Any CPU.Build.0 = Debug|Any CPU
		{2A68FF72-5869-492D-9990-262689F23BF7}.Release|Any CPU.ActiveCfg = Release|Any CPU
		{2A68FF72-5869-492D-9990-262689F23BF7}.Release|Any CPU.Build.0 = Release|Any CPU
		{E38234BC-4E49-44FD-B2A4-6AF5323D1E18}.Debug|Any CPU.ActiveCfg = Debug|Any CPU
		{E38234BC-4E49-44FD-B2A4-6AF5323D1E18}.Debug|Any CPU.Build.0 = Debug|Any CPU
		{E38234BC-4E49-44FD-B2A4-6AF5323D1E18}.Release|Any CPU.ActiveCfg = Release|Any CPU
		{E38234BC-4E49-44FD-B2A4-6AF5323D1E18}.Release|Any CPU.Build.0 = Release|Any CPU
		{24AAC8A1-1344-4D18-8E7E-617DB9D8644C}.Debug|Any CPU.ActiveCfg = Debug|Any CPU
		{24AAC8A1-1344-4D18-8E7E-617DB9D8644C}.Debug|Any CPU.Build.0 = Debug|Any CPU
		{24AAC8A1-1344-4D18-8E7E-617DB9D8644C}.Release|Any CPU.ActiveCfg = Release|Any CPU
		{24AAC8A1-1344-4D18-8E7E-617DB9D8644C}.Release|Any CPU.Build.0 = Release|Any CPU
	EndGlobalSection
	GlobalSection(SolutionProperties) = preSolution
		HideSolutionNode = FALSE
	EndGlobalSection
	GlobalSection(NestedProjects) = preSolution
		{ECACA7B4-EDCF-4325-9F3B-D5F4DDAB6AF4} = {09FE1C0B-C7F7-4951-9256-F4B8AF7C7A18}
		{9197A455-E38D-44F8-9077-BD8B1555EBC2} = {69B6AC33-D81C-47B3-A3C2-0C06AA75D47D}
		{235AC530-7D8B-428B-AAA4-60E8BB749173} = {69B6AC33-D81C-47B3-A3C2-0C06AA75D47D}
		{2A68FF72-5869-492D-9990-262689F23BF7} = {69B6AC33-D81C-47B3-A3C2-0C06AA75D47D}
		{E38234BC-4E49-44FD-B2A4-6AF5323D1E18} = {69B6AC33-D81C-47B3-A3C2-0C06AA75D47D}
		{24AAC8A1-1344-4D18-8E7E-617DB9D8644C} = {69B6AC33-D81C-47B3-A3C2-0C06AA75D47D}
	EndGlobalSection
	GlobalSection(ExtensibilityGlobals) = postSolution
		SolutionGuid = {0645CBF0-EA5F-400B-A1EA-0292855E38AE}
	EndGlobalSection
EndGlobal
