
Microsoft Visual Studio Solution File, Format Version 12.00
# Visual Studio Version 17
VisualStudioVersion = 17.1.32328.378
MinimumVisualStudioVersion = 10.0.40219.1
Project("{9A19103F-16F7-4668-BE54-9A1E7A4F7556}") = "MelonJS", "MelonJS\MelonJS.csproj", "{ECACA7B4-EDCF-4325-9F3B-D5F4DDAB6AF4}"
EndProject
Project("{9A19103F-16F7-4668-BE54-9A1E7A4F7556}") = "Cli.NET", "Cli.NET\Cli.NET.csproj", "{084C9A1F-648C-4DA6-8490-54F9C6521055}"
EndProject
Project("{9A19103F-16F7-4668-BE54-9A1E7A4F7556}") = "Cli.NET.Abstractions", "Cli.NET.Abstractions\Cli.NET.Abstractions.csproj", "{0634B048-3EFB-4EFF-9F87-BA3DEA564E32}"
EndProject
Project("{2150E333-8FDC-42A3-9474-1A3956D46DE8}") = "External", "External", "{BE206C08-19D3-4EDF-90F7-F49852B0C780}"
EndProject
Project("{2150E333-8FDC-42A3-9474-1A3956D46DE8}") = "Console", "Console", "{09FE1C0B-C7F7-4951-9256-F4B8AF7C7A18}"
EndProject
Project("{2150E333-8FDC-42A3-9474-1A3956D46DE8}") = "Core", "Core", "{69B6AC33-D81C-47B3-A3C2-0C06AA75D47D}"
EndProject
Project("{9A19103F-16F7-4668-BE54-9A1E7A4F7556}") = "MelonJs.JavaScript", "MelonJs.JavaScript\MelonJs.JavaScript.csproj", "{9197A455-E38D-44F8-9077-BD8B1555EBC2}"
EndProject
Project("{9A19103F-16F7-4668-BE54-9A1E7A4F7556}") = "MelonJs.Models", "MelonJs.Models\MelonJs.Models.csproj", "{235AC530-7D8B-428B-AAA4-60E8BB749173}"
EndProject
Project("{9A19103F-16F7-4668-BE54-9A1E7A4F7556}") = "MelonJs.WebApps", "MelonJs.WebApps\MelonJs.WebApps.csproj", "{2A68FF72-5869-492D-9990-262689F23BF7}"
EndProject
Project("{9A19103F-16F7-4668-BE54-9A1E7A4F7556}") = "MelonJs.Static", "MelonJs.Static\MelonJs.Static.csproj", "{E38234BC-4E49-44FD-B2A4-6AF5323D1E18}"
EndProject
Global
	GlobalSection(SolutionConfigurationPlatforms) = preSolution
		Debug|Any CPU = Debug|Any CPU
		Release|Any CPU = Release|Any CPU
	EndGlobalSection
	GlobalSection(ProjectConfigurationPlatforms) = postSolution
		{ECACA7B4-EDCF-4325-9F3B-D5F4DDAB6AF4}.Debug|Any CPU.ActiveCfg = Debug|Any CPU
		{ECACA7B4-EDCF-4325-9F3B-D5F4DDAB6AF4}.Debug|Any CPU.Build.0 = Debug|Any CPU
		{ECACA7B4-EDCF-4325-9F3B-D5F4DDAB6AF4}.Release|Any CPU.ActiveCfg = Release|Any CPU
		{ECACA7B4-EDCF-4325-9F3B-D5F4DDAB6AF4}.Release|Any CPU.Build.0 = Release|Any CPU
		{084C9A1F-648C-4DA6-8490-54F9C6521055}.Debug|Any CPU.ActiveCfg = Release|Any CPU
		{084C9A1F-648C-4DA6-8490-54F9C6521055}.Debug|Any CPU.Build.0 = Release|Any CPU
		{084C9A1F-648C-4DA6-8490-54F9C6521055}.Release|Any CPU.ActiveCfg = Release|Any CPU
		{084C9A1F-648C-4DA6-8490-54F9C6521055}.Release|Any CPU.Build.0 = Release|Any CPU
		{0634B048-3EFB-4EFF-9F87-BA3DEA564E32}.Debug|Any CPU.ActiveCfg = Release|Any CPU
		{0634B048-3EFB-4EFF-9F87-BA3DEA564E32}.Debug|Any CPU.Build.0 = Release|Any CPU
		{0634B048-3EFB-4EFF-9F87-BA3DEA564E32}.Release|Any CPU.ActiveCfg = Release|Any CPU
		{0634B048-3EFB-4EFF-9F87-BA3DEA564E32}.Release|Any CPU.Build.0 = Release|Any CPU
		{9197A455-E38D-44F8-9077-BD8B1555EBC2}.Debug|Any CPU.ActiveCfg = Debug|Any CPU
		{9197A455-E38D-44F8-9077-BD8B1555EBC2}.Debug|Any CPU.Build.0 = Debug|Any CPU
		{9197A455-E38D-44F8-9077-BD8B1555EBC2}.Release|Any CPU.ActiveCfg = Release|Any CPU
		{9197A455-E38D-44F8-9077-BD8B1555EBC2}.Release|Any CPU.Build.0 = Release|Any CPU
		{235AC530-7D8B-428B-AAA4-60E8BB749173}.Debug|Any CPU.ActiveCfg = Debug|Any CPU
		{235AC530-7D8B-428B-AAA4-60E8BB749173}.Debug|Any CPU.Build.0 = Debug|Any CPU
		{235AC530-7D8B-428B-AAA4-60E8BB749173}.Release|Any CPU.ActiveCfg = Release|Any CPU
		{235AC530-7D8B-428B-AAA4-60E8BB749173}.Release|Any CPU.Build.0 = Release|Any CPU
		{2A68FF72-5869-492D-9990-262689F23BF7}.Debug|Any CPU.ActiveCfg = Debug|Any CPU
		{2A68FF72-5869-492D-9990-262689F23BF7}.Debug|Any CPU.Build.0 = Debug|Any CPU
		{2A68FF72-5869-492D-9990-262689F23BF7}.Release|Any CPU.ActiveCfg = Release|Any CPU
		{2A68FF72-5869-492D-9990-262689F23BF7}.Release|Any CPU.Build.0 = Release|Any CPU
		{E38234BC-4E49-44FD-B2A4-6AF5323D1E18}.Debug|Any CPU.ActiveCfg = Debug|Any CPU
		{E38234BC-4E49-44FD-B2A4-6AF5323D1E18}.Debug|Any CPU.Build.0 = Debug|Any CPU
		{E38234BC-4E49-44FD-B2A4-6AF5323D1E18}.Release|Any CPU.ActiveCfg = Release|Any CPU
		{E38234BC-4E49-44FD-B2A4-6AF5323D1E18}.Release|Any CPU.Build.0 = Release|Any CPU
	EndGlobalSection
	GlobalSection(SolutionProperties) = preSolution
		HideSolutionNode = FALSE
	EndGlobalSection
	GlobalSection(NestedProjects) = preSolution
		{ECACA7B4-EDCF-4325-9F3B-D5F4DDAB6AF4} = {09FE1C0B-C7F7-4951-9256-F4B8AF7C7A18}
		{084C9A1F-648C-4DA6-8490-54F9C6521055} = {BE206C08-19D3-4EDF-90F7-F49852B0C780}
		{0634B048-3EFB-4EFF-9F87-BA3DEA564E32} = {BE206C08-19D3-4EDF-90F7-F49852B0C780}
		{9197A455-E38D-44F8-9077-BD8B1555EBC2} = {69B6AC33-D81C-47B3-A3C2-0C06AA75D47D}
		{235AC530-7D8B-428B-AAA4-60E8BB749173} = {69B6AC33-D81C-47B3-A3C2-0C06AA75D47D}
		{2A68FF72-5869-492D-9990-262689F23BF7} = {69B6AC33-D81C-47B3-A3C2-0C06AA75D47D}
		{E38234BC-4E49-44FD-B2A4-6AF5323D1E18} = {69B6AC33-D81C-47B3-A3C2-0C06AA75D47D}
	EndGlobalSection
	GlobalSection(ExtensibilityGlobals) = postSolution
		SolutionGuid = {0645CBF0-EA5F-400B-A1EA-0292855E38AE}
	EndGlobalSection
EndGlobal
