{
  "name": "melon-test",
  "version": "0.0.1",
  "lockfileVersion": 2,
  "requires": true,
  "packages": {
    "": {
      "name": "melon-test",
      "version": "0.0.1",
      "license": "MIT",
      "devDependencies": {
        "melon-types": "latest",
        "typescript": "latest"
      }
    },
    "node_modules/melon-types": {
      "version": "1.9.0-next.6",
      "resolved": "https://registry.npmjs.org/melon-types/-/melon-types-1.9.0-next.6.tgz",
      "integrity": "sha512-dmipsip2B8VEIA68zypC4VCVi+VarbpQ0ZB+Dd+lQ/bLugxquv/g0wks5d9jiNm6blGdnoH7J8e+sP4XYHi7Sg==",
      "dev": true
    },
    "node_modules/typescript": {
      "version": "4.7.4",
      "resolved": "https://registry.npmjs.org/typescript/-/typescript-4.7.4.tgz",
      "integrity": "sha512-C0WQT0gezHuw6AdY1M2jxUO83Rjf0HP7Sk1DtXj6j1EwkQNZrHAg2XPWlq62oqEhYvONq5pkC2Y9oPljWToLmQ==",
      "dev": true,
      "bin": {
        "tsc": "bin/tsc",
        "tsserver": "bin/tsserver"
      },
      "engines": {
        "node": ">=4.2.0"
      }
    }
  },
  "dependencies": {
    "melon-types": {
      "version": "1.9.0-next.6",
      "resolved": "https://registry.npmjs.org/melon-types/-/melon-types-1.9.0-next.6.tgz",
      "integrity": "sha512-dmipsip2B8VEIA68zypC4VCVi+VarbpQ0ZB+Dd+lQ/bLugxquv/g0wks5d9jiNm6blGdnoH7J8e+sP4XYHi7Sg==",
      "dev": true
    },
    "typescript": {
      "version": "4.7.4",
      "resolved": "https://registry.npmjs.org/typescript/-/typescript-4.7.4.tgz",
      "integrity": "sha512-C0WQT0gezHuw6AdY1M2jxUO83Rjf0HP7Sk1DtXj6j1EwkQNZrHAg2XPWlq62oqEhYvONq5pkC2Y9oPljWToLmQ==",
      "dev": true
    }
  }
}
