
Microsoft Visual Studio Solution File, Format Version 12.00
# Visual Studio Version 17
VisualStudioVersion = 17.1.32328.378
MinimumVisualStudioVersion = 10.0.40219.1
Project("{9A19103F-16F7-4668-BE54-9A1E7A4F7556}") = "MelonRuntime.CLI", "MelonRuntime.CLI\MelonRuntime.CLI.csproj", "{26E48BD2-0D3D-496A-960C-5F58AA84463A}"
EndProject
Project("{9A19103F-16F7-4668-BE54-9A1E7A4F7556}") = "MelonRuntime.Abstractions", "MelonRuntime.Abstractions\MelonRuntime.Abstractions.csproj", "{E344B188-71D6-4ECE-8F22-B93C02D6B143}"
EndProject
Project("{9A19103F-16F7-4668-BE54-9A1E7A4F7556}") = "MelonRuntime.Core", "MelonRuntime.Core\MelonRuntime.Core.csproj", "{41509231-4709-4C59-A831-33D73EB6102C}"
EndProject
Project("{9A19103F-16F7-4668-BE54-9A1E7A4F7556}") = "MelonRuntime.Domain", "MelonRuntime.Domain\MelonRuntime.Domain.csproj", "{6159A454-4EE6-47E6-8FA7-1F6536157B7D}"
EndProject
Project("{9A19103F-16F7-4668-BE54-9A1E7A4F7556}") = "MelonRuntime.JintExtensions", "MelonRuntime.JintExtensions\MelonRuntime.JintExtensions.csproj", "{2B879398-3DDC-472F-8781-E2DEC3388335}"
EndProject
Project("{2150E333-8FDC-42A3-9474-1A3956D46DE8}") = "StandalonePackages", "StandalonePackages", "{7D52107D-C090-4266-96B6-A705B3233916}"
EndProject
Project("{2150E333-8FDC-42A3-9474-1A3956D46DE8}") = "DependencyPackages", "DependencyPackages", "{A8B71808-C362-4D89-A54F-4402438846C8}"
EndProject
Project("{2150E333-8FDC-42A3-9474-1A3956D46DE8}") = "RuntimeOnly", "RuntimeOnly", "{AD6CE587-0438-4FBC-857F-0359735EDF3C}"
EndProject
Project("{9A19103F-16F7-4668-BE54-9A1E7A4F7556}") = "MelonRuntime.WebServices", "MelonRuntime.WebServices\MelonRuntime.WebServices.csproj", "{2A4459C0-6DC5-4ACF-BB40-9B46E32FBC8F}"
EndProject
Project("{9A19103F-16F7-4668-BE54-9A1E7A4F7556}") = "MelonRuntime.ProjectGenerator", "MelonRuntime.ProjectGenerator\MelonRuntime.ProjectGenerator.csproj", "{B4958CC9-CFF5-493B-8F1B-959A8003C6A2}"
EndProject
Global
	GlobalSection(SolutionConfigurationPlatforms) = preSolution
		Debug|Any CPU = Debug|Any CPU
		Release|Any CPU = Release|Any CPU
	EndGlobalSection
	GlobalSection(ProjectConfigurationPlatforms) = postSolution
		{26E48BD2-0D3D-496A-960C-5F58AA84463A}.Debug|Any CPU.ActiveCfg = Debug|Any CPU
		{26E48BD2-0D3D-496A-960C-5F58AA84463A}.Debug|Any CPU.Build.0 = Debug|Any CPU
		{26E48BD2-0D3D-496A-960C-5F58AA84463A}.Release|Any CPU.ActiveCfg = Release|Any CPU
		{26E48BD2-0D3D-496A-960C-5F58AA84463A}.Release|Any CPU.Build.0 = Release|Any CPU
		{E344B188-71D6-4ECE-8F22-B93C02D6B143}.Debug|Any CPU.ActiveCfg = Debug|Any CPU
		{E344B188-71D6-4ECE-8F22-B93C02D6B143}.Debug|Any CPU.Build.0 = Debug|Any CPU
		{E344B188-71D6-4ECE-8F22-B93C02D6B143}.Release|Any CPU.ActiveCfg = Release|Any CPU
		{E344B188-71D6-4ECE-8F22-B93C02D6B143}.Release|Any CPU.Build.0 = Release|Any CPU
		{41509231-4709-4C59-A831-33D73EB6102C}.Debug|Any CPU.ActiveCfg = Debug|Any CPU
		{41509231-4709-4C59-A831-33D73EB6102C}.Debug|Any CPU.Build.0 = Debug|Any CPU
		{41509231-4709-4C59-A831-33D73EB6102C}.Release|Any CPU.ActiveCfg = Release|Any CPU
		{41509231-4709-4C59-A831-33D73EB6102C}.Release|Any CPU.Build.0 = Release|Any CPU
		{6159A454-4EE6-47E6-8FA7-1F6536157B7D}.Debug|Any CPU.ActiveCfg = Debug|Any CPU
		{6159A454-4EE6-47E6-8FA7-1F6536157B7D}.Debug|Any CPU.Build.0 = Debug|Any CPU
		{6159A454-4EE6-47E6-8FA7-1F6536157B7D}.Release|Any CPU.ActiveCfg = Release|Any CPU
		{6159A454-4EE6-47E6-8FA7-1F6536157B7D}.Release|Any CPU.Build.0 = Release|Any CPU
		{2B879398-3DDC-472F-8781-E2DEC3388335}.Debug|Any CPU.ActiveCfg = Debug|Any CPU
		{2B879398-3DDC-472F-8781-E2DEC3388335}.Debug|Any CPU.Build.0 = Debug|Any CPU
		{2B879398-3DDC-472F-8781-E2DEC3388335}.Release|Any CPU.ActiveCfg = Release|Any CPU
		{2B879398-3DDC-472F-8781-E2DEC3388335}.Release|Any CPU.Build.0 = Release|Any CPU
		{2A4459C0-6DC5-4ACF-BB40-9B46E32FBC8F}.Debug|Any CPU.ActiveCfg = Debug|Any CPU
		{2A4459C0-6DC5-4ACF-BB40-9B46E32FBC8F}.Debug|Any CPU.Build.0 = Debug|Any CPU
		{2A4459C0-6DC5-4ACF-BB40-9B46E32FBC8F}.Release|Any CPU.ActiveCfg = Release|Any CPU
		{2A4459C0-6DC5-4ACF-BB40-9B46E32FBC8F}.Release|Any CPU.Build.0 = Release|Any CPU
		{B4958CC9-CFF5-493B-8F1B-959A8003C6A2}.Debug|Any CPU.ActiveCfg = Debug|Any CPU
		{B4958CC9-CFF5-493B-8F1B-959A8003C6A2}.Debug|Any CPU.Build.0 = Debug|Any CPU
		{B4958CC9-CFF5-493B-8F1B-959A8003C6A2}.Release|Any CPU.ActiveCfg = Release|Any CPU
		{B4958CC9-CFF5-493B-8F1B-959A8003C6A2}.Release|Any CPU.Build.0 = Release|Any CPU
	EndGlobalSection
	GlobalSection(SolutionProperties) = preSolution
		HideSolutionNode = FALSE
	EndGlobalSection
	GlobalSection(NestedProjects) = preSolution
		{26E48BD2-0D3D-496A-960C-5F58AA84463A} = {AD6CE587-0438-4FBC-857F-0359735EDF3C}
		{E344B188-71D6-4ECE-8F22-B93C02D6B143} = {A8B71808-C362-4D89-A54F-4402438846C8}
		{41509231-4709-4C59-A831-33D73EB6102C} = {A8B71808-C362-4D89-A54F-4402438846C8}
		{6159A454-4EE6-47E6-8FA7-1F6536157B7D} = {A8B71808-C362-4D89-A54F-4402438846C8}
		{2B879398-3DDC-472F-8781-E2DEC3388335} = {7D52107D-C090-4266-96B6-A705B3233916}
		{2A4459C0-6DC5-4ACF-BB40-9B46E32FBC8F} = {A8B71808-C362-4D89-A54F-4402438846C8}
		{B4958CC9-CFF5-493B-8F1B-959A8003C6A2} = {7D52107D-C090-4266-96B6-A705B3233916}
	EndGlobalSection
	GlobalSection(ExtensibilityGlobals) = postSolution
		SolutionGuid = {E6AB0C26-5F24-4037-AAE1-386C2EE0667F}
	EndGlobalSection
EndGlobal
